
Microsoft Visual Studio Solution File, Format Version 12.00
# Visual Studio Version 16
VisualStudioVersion = 16.0.31613.86
MinimumVisualStudioVersion = 10.0.40219.1
Project("{FAE04EC0-301F-11D3-BF4B-00C04F79EFBC}") = "Cuatri2021.TercerClase.Consola", "Cuatri2021.TercerClase.Consola\Cuatri2021.TercerClase.Consola.csproj", "{71BABA73-E8C2-4F30-A45F-43607F83481C}"
EndProject
Global
	GlobalSection(SolutionConfigurationPlatforms) = preSolution
		Debug|Any CPU = Debug|Any CPU
		Release|Any CPU = Release|Any CPU
	EndGlobalSection
	GlobalSection(ProjectConfigurationPlatforms) = postSolution
		{71BABA73-E8C2-4F30-A45F-43607F83481C}.Debug|Any CPU.ActiveCfg = Debug|Any CPU
		{71BABA73-E8C2-4F30-A45F-43607F83481C}.Debug|Any CPU.Build.0 = Debug|Any CPU
		{71BABA73-E8C2-4F30-A45F-43607F83481C}.Release|Any CPU.ActiveCfg = Release|Any CPU
		{71BABA73-E8C2-4F30-A45F-43607F83481C}.Release|Any CPU.Build.0 = Release|Any CPU
	EndGlobalSection
	GlobalSection(SolutionProperties) = preSolution
		HideSolutionNode = FALSE
	EndGlobalSection
	GlobalSection(ExtensibilityGlobals) = postSolution
		SolutionGuid = {A9A4FC0F-1075-46C3-BECF-8BE24282BA49}
	EndGlobalSection
EndGlobal
