
Microsoft Visual Studio Solution File, Format Version 12.00
# Visual Studio Version 16
VisualStudioVersion = 16.0.31613.86
MinimumVisualStudioVersion = 10.0.40219.1
Project("{FAE04EC0-301F-11D3-BF4B-00C04F79EFBC}") = "Cuatri2021.Indumentaria.Consola", "Cuatri2021.Indumentaria.Consola\Cuatri2021.Indumentaria.Consola.csproj", "{51D65326-F26B-4B19-BD02-D5BAFFE7B639}"
EndProject
Project("{FAE04EC0-301F-11D3-BF4B-00C04F79EFBC}") = "Cuatri2021.Indumentaria.Biblioteca", "Cuatri2021.Indumentaria.Biblioteca\Cuatri2021.Indumentaria.Biblioteca.csproj", "{4CA4D571-6855-40F7-A3AE-7062B82F092F}"
EndProject
Project("{FAE04EC0-301F-11D3-BF4B-00C04F79EFBC}") = "Cuatri2021.Indumentaria.Utilidades", "Cuatri2021.Indumentaria.Utilidades\Cuatri2021.Indumentaria.Utilidades.csproj", "{30D314A9-E1CA-4AA6-8D5B-CD20812AF31B}"
EndProject
Global
	GlobalSection(SolutionConfigurationPlatforms) = preSolution
		Debug|Any CPU = Debug|Any CPU
		Release|Any CPU = Release|Any CPU
	EndGlobalSection
	GlobalSection(ProjectConfigurationPlatforms) = postSolution
		{51D65326-F26B-4B19-BD02-D5BAFFE7B639}.Debug|Any CPU.ActiveCfg = Debug|Any CPU
		{51D65326-F26B-4B19-BD02-D5BAFFE7B639}.Debug|Any CPU.Build.0 = Debug|Any CPU
		{51D65326-F26B-4B19-BD02-D5BAFFE7B639}.Release|Any CPU.ActiveCfg = Release|Any CPU
		{51D65326-F26B-4B19-BD02-D5BAFFE7B639}.Release|Any CPU.Build.0 = Release|Any CPU
		{4CA4D571-6855-40F7-A3AE-7062B82F092F}.Debug|Any CPU.ActiveCfg = Debug|Any CPU
		{4CA4D571-6855-40F7-A3AE-7062B82F092F}.Debug|Any CPU.Build.0 = Debug|Any CPU
		{4CA4D571-6855-40F7-A3AE-7062B82F092F}.Release|Any CPU.ActiveCfg = Release|Any CPU
		{4CA4D571-6855-40F7-A3AE-7062B82F092F}.Release|Any CPU.Build.0 = Release|Any CPU
		{30D314A9-E1CA-4AA6-8D5B-CD20812AF31B}.Debug|Any CPU.ActiveCfg = Debug|Any CPU
		{30D314A9-E1CA-4AA6-8D5B-CD20812AF31B}.Debug|Any CPU.Build.0 = Debug|Any CPU
		{30D314A9-E1CA-4AA6-8D5B-CD20812AF31B}.Release|Any CPU.ActiveCfg = Release|Any CPU
		{30D314A9-E1CA-4AA6-8D5B-CD20812AF31B}.Release|Any CPU.Build.0 = Release|Any CPU
	EndGlobalSection
	GlobalSection(SolutionProperties) = preSolution
		HideSolutionNode = FALSE
	EndGlobalSection
	GlobalSection(ExtensibilityGlobals) = postSolution
		SolutionGuid = {E0A8EBD6-33F4-4322-9F84-03D2D60BB2C8}
	EndGlobalSection
EndGlobal
